
Microsoft Visual Studio Solution File, Format Version 12.00
# Visual Studio Version 16
VisualStudioVersion = 16.0.30128.74
MinimumVisualStudioVersion = 15.0.26124.0
Project("{9A19103F-16F7-4668-BE54-9A1E7A4F7556}") = "Google.Events.Tools.GenerateRegistry", "Google.Events.Tools.GenerateRegistry\Google.Events.Tools.GenerateRegistry.csproj", "{8597E154-4057-4D2C-9E9F-2918E5E95589}"
EndProject
Global
	GlobalSection(SolutionConfigurationPlatforms) = preSolution
		Debug|Any CPU = Debug|Any CPU
		Debug|x64 = Debug|x64
		Debug|x86 = Debug|x86
		Release|Any CPU = Release|Any CPU
		Release|x64 = Release|x64
		Release|x86 = Release|x86
	EndGlobalSection
	GlobalSection(ProjectConfigurationPlatforms) = postSolution
		{8597E154-4057-4D2C-9E9F-2918E5E95589}.Debug|Any CPU.ActiveCfg = Debug|Any CPU
		{8597E154-4057-4D2C-9E9F-2918E5E95589}.Debug|Any CPU.Build.0 = Debug|Any CPU
		{8597E154-4057-4D2C-9E9F-2918E5E95589}.Debug|x64.ActiveCfg = Debug|Any CPU
		{8597E154-4057-4D2C-9E9F-2918E5E95589}.Debug|x64.Build.0 = Debug|Any CPU
		{8597E154-4057-4D2C-9E9F-2918E5E95589}.Debug|x86.ActiveCfg = Debug|Any CPU
		{8597E154-4057-4D2C-9E9F-2918E5E95589}.Debug|x86.Build.0 = Debug|Any CPU
		{8597E154-4057-4D2C-9E9F-2918E5E95589}.Release|Any CPU.ActiveCfg = Release|Any CPU
		{8597E154-4057-4D2C-9E9F-2918E5E95589}.Release|Any CPU.Build.0 = Release|Any CPU
		{8597E154-4057-4D2C-9E9F-2918E5E95589}.Release|x64.ActiveCfg = Release|Any CPU
		{8597E154-4057-4D2C-9E9F-2918E5E95589}.Release|x64.Build.0 = Release|Any CPU
		{8597E154-4057-4D2C-9E9F-2918E5E95589}.Release|x86.ActiveCfg = Release|Any CPU
		{8597E154-4057-4D2C-9E9F-2918E5E95589}.Release|x86.Build.0 = Release|Any CPU
	EndGlobalSection
	GlobalSection(SolutionProperties) = preSolution
		HideSolutionNode = FALSE
	EndGlobalSection
	GlobalSection(ExtensibilityGlobals) = postSolution
		SolutionGuid = {1359ADE4-D269-4B6D-8E0F-FD19F960A011}
	EndGlobalSection
EndGlobal
